<?xml version="1.0" encoding="utf-8"?>
<Project ToolsVersion="4.0" xmlns="http://schemas.microsoft.com/developer/msbuild/2003">
  <ItemGroup>
    <Filter Include="Pliki źródłowe">
      <UniqueIdentifier>{4FC737F1-C7A5-4376-A066-2A32D752A2FF}</UniqueIdentifier>
      <Extensions>cpp;c;cc;cxx;c++;cppm;ixx;def;odl;idl;hpj;bat;asm;asmx</Extensions>
    </Filter>
    <Filter Include="Pliki nagłówkowe">
      <UniqueIdentifier>{93995380-89BD-4b04-88EB-625FBE52EBFB}</UniqueIdentifier>
      <Extensions>h;hh;hpp;hxx;h++;hm;inl;inc;ipp;xsd</Extensions>
    </Filter>
    <Filter Include="Pliki zasobów">
      <UniqueIdentifier>{67DA6AB6-F800-4c08-8B7A-83BB121AAD01}</UniqueIdentifier>
      <Extensions>rc;ico;cur;bmp;dlg;rc2;rct;bin;rgs;gif;jpg;jpeg;jpe;resx;tiff;tif;png;wav;mfcribbon-ms</Extensions>
    </Filter>
    <Filter Include="Including">
      <UniqueIdentifier>{dd8e81a8-f753-48fc-8adf-705bbf5ab457}</UniqueIdentifier>
    </Filter>
    <Filter Include="Pliki źródłowe\Engine">
      <UniqueIdentifier>{52357b03-8c86-4d58-8931-dec77be7b117}</UniqueIdentifier>
    </Filter>
    <Filter Include="Pliki nagłówkowe\Engine">
      <UniqueIdentifier>{e86d2fbb-fce2-4135-8795-fa5fa7f79908}</UniqueIdentifier>
    </Filter>
  </ItemGroup>
  <ItemGroup>
    <ClCompile Include="main.cpp">
      <Filter>Pliki źródłowe</Filter>
    </ClCompile>
    <ClCompile Include="Player.cpp">
      <Filter>Pliki źródłowe</Filter>
    </ClCompile>
    <ClCompile Include="Bullet.cpp">
      <Filter>Pliki źródłowe</Filter>
    </ClCompile>
    <ClCompile Include="Enemy.cpp">
      <Filter>Pliki źródłowe</Filter>
    </ClCompile>
    <ClCompile Include="CombatEngine.cpp">
      <Filter>Pliki źródłowe\Engine</Filter>
    </ClCompile>
    <ClCompile Include="EnemiesEngine.cpp">
      <Filter>Pliki źródłowe\Engine</Filter>
    </ClCompile>
    <ClCompile Include="GameEngine.cpp">
      <Filter>Pliki źródłowe\Engine</Filter>
    </ClCompile>
    <ClCompile Include="PlayerEngine.cpp">
      <Filter>Pliki źródłowe\Engine</Filter>
    </ClCompile>
  </ItemGroup>
  <ItemGroup>
    <None Include="openal32.dll">
      <Filter>Including</Filter>
    </None>
    <None Include="sfml-audio-2.dll">
      <Filter>Including</Filter>
    </None>
    <None Include="sfml-audio-d-2.dll">
      <Filter>Including</Filter>
    </None>
    <None Include="sfml-graphics-2.dll">
      <Filter>Including</Filter>
    </None>
    <None Include="sfml-graphics-d-2.dll">
      <Filter>Including</Filter>
    </None>
    <None Include="sfml-network-2.dll">
      <Filter>Including</Filter>
    </None>
    <None Include="sfml-network-d-2.dll">
      <Filter>Including</Filter>
    </None>
    <None Include="sfml-system-2.dll">
      <Filter>Including</Filter>
    </None>
    <None Include="sfml-system-d-2.dll">
      <Filter>Including</Filter>
    </None>
    <None Include="sfml-window-2.dll">
      <Filter>Including</Filter>
    </None>
    <None Include="sfml-window-d-2.dll">
      <Filter>Including</Filter>
    </None>
  </ItemGroup>
  <ItemGroup>
    <ClInclude Include="Player.h">
      <Filter>Pliki nagłówkowe</Filter>
    </ClInclude>
    <ClInclude Include="Bullet.h">
      <Filter>Pliki nagłówkowe</Filter>
    </ClInclude>
    <ClInclude Include="Enemy.h">
      <Filter>Pliki nagłówkowe</Filter>
    </ClInclude>
    <ClInclude Include="CombatEngine.h">
      <Filter>Pliki nagłówkowe\Engine</Filter>
    </ClInclude>
    <ClInclude Include="EnemiesEngine.h">
      <Filter>Pliki nagłówkowe\Engine</Filter>
    </ClInclude>
    <ClInclude Include="GameEngine.h">
      <Filter>Pliki nagłówkowe\Engine</Filter>
    </ClInclude>
    <ClInclude Include="PlayerEngine.h">
      <Filter>Pliki nagłówkowe\Engine</Filter>
    </ClInclude>
  </ItemGroup>
</Project>